
Microsoft Visual Studio Solution File, Format Version 12.00
# Visual Studio 15
VisualStudioVersion = 15.0.27428.2015
MinimumVisualStudioVersion = 10.0.40219.1
Project("{FAE04EC0-301F-11D3-BF4B-00C04F79EFBC}") = "HelloCICD.Web", "HelloCICD.Web\HelloCICD.Web.csproj", "{96CFEFB8-2B3D-436B-8391-C1F0C4FD3169}"
EndProject
Project("{FAE04EC0-301F-11D3-BF4B-00C04F79EFBC}") = "HelloCICD.UnitTests", "HelloCICD.UnitTests\HelloCICD.UnitTests.csproj", "{F839F7AE-E495-421B-A4AE-A382BF79B079}"
EndProject
Project("{FAE04EC0-301F-11D3-BF4B-00C04F79EFBC}") = "HelloCICD.IntegrationTests", "HelloCICD.IntegrationTests\HelloCICD.IntegrationTests.csproj", "{8D017ECF-3717-444F-AA3D-09E5EA625682}"
EndProject
Global
	GlobalSection(SolutionConfigurationPlatforms) = preSolution
		Debug|Any CPU = Debug|Any CPU
		Release|Any CPU = Release|Any CPU
	EndGlobalSection
	GlobalSection(ProjectConfigurationPlatforms) = postSolution
		{96CFEFB8-2B3D-436B-8391-C1F0C4FD3169}.Debug|Any CPU.ActiveCfg = Debug|Any CPU
		{96CFEFB8-2B3D-436B-8391-C1F0C4FD3169}.Debug|Any CPU.Build.0 = Debug|Any CPU
		{96CFEFB8-2B3D-436B-8391-C1F0C4FD3169}.Release|Any CPU.ActiveCfg = Release|Any CPU
		{96CFEFB8-2B3D-436B-8391-C1F0C4FD3169}.Release|Any CPU.Build.0 = Release|Any CPU
		{F839F7AE-E495-421B-A4AE-A382BF79B079}.Debug|Any CPU.ActiveCfg = Debug|Any CPU
		{F839F7AE-E495-421B-A4AE-A382BF79B079}.Debug|Any CPU.Build.0 = Debug|Any CPU
		{F839F7AE-E495-421B-A4AE-A382BF79B079}.Release|Any CPU.ActiveCfg = Release|Any CPU
		{F839F7AE-E495-421B-A4AE-A382BF79B079}.Release|Any CPU.Build.0 = Release|Any CPU
		{8D017ECF-3717-444F-AA3D-09E5EA625682}.Debug|Any CPU.ActiveCfg = Debug|Any CPU
		{8D017ECF-3717-444F-AA3D-09E5EA625682}.Debug|Any CPU.Build.0 = Debug|Any CPU
		{8D017ECF-3717-444F-AA3D-09E5EA625682}.Release|Any CPU.ActiveCfg = Release|Any CPU
		{8D017ECF-3717-444F-AA3D-09E5EA625682}.Release|Any CPU.Build.0 = Release|Any CPU
	EndGlobalSection
	GlobalSection(SolutionProperties) = preSolution
		HideSolutionNode = FALSE
	EndGlobalSection
	GlobalSection(ExtensibilityGlobals) = postSolution
		SolutionGuid = {B2E2F979-0996-4AB5-A53F-CA52A3E86D85}
	EndGlobalSection
EndGlobal
